
Microsoft Visual Studio Solution File, Format Version 12.00
# Visual Studio Version 17
VisualStudioVersion = 17.5.33516.290
MinimumVisualStudioVersion = 10.0.40219.1
Project("{FAE04EC0-301F-11D3-BF4B-00C04F79EFBC}") = "Presentation_Layer", "Presentation_Layer\Presentation_Layer.csproj", "{1BF823DA-DC3C-4C88-9E6C-210810AC0188}"
EndProject
Project("{FAE04EC0-301F-11D3-BF4B-00C04F79EFBC}") = "Services_Layer", "Services_Layer\Services_Layer.csproj", "{7C95DF64-C378-4EA7-A609-8FDA5273B7E0}"
EndProject
Project("{FAE04EC0-301F-11D3-BF4B-00C04F79EFBC}") = "Data_Layers", "Data_Layers\Data_Layers.csproj", "{7EE52A0D-D552-4D02-885A-B3A4AFF7B8F5}"
EndProject
Project("{FAE04EC0-301F-11D3-BF4B-00C04F79EFBC}") = "Entity_Layer", "Entity_Layer\Entity_Layer.csproj", "{21DE68FB-DE74-4B86-A8D8-4EA5DF9E9685}"
EndProject
Global
	GlobalSection(SolutionConfigurationPlatforms) = preSolution
		Debug|Any CPU = Debug|Any CPU
		Release|Any CPU = Release|Any CPU
	EndGlobalSection
	GlobalSection(ProjectConfigurationPlatforms) = postSolution
		{1BF823DA-DC3C-4C88-9E6C-210810AC0188}.Debug|Any CPU.ActiveCfg = Debug|Any CPU
		{1BF823DA-DC3C-4C88-9E6C-210810AC0188}.Debug|Any CPU.Build.0 = Debug|Any CPU
		{1BF823DA-DC3C-4C88-9E6C-210810AC0188}.Release|Any CPU.ActiveCfg = Release|Any CPU
		{1BF823DA-DC3C-4C88-9E6C-210810AC0188}.Release|Any CPU.Build.0 = Release|Any CPU
		{7C95DF64-C378-4EA7-A609-8FDA5273B7E0}.Debug|Any CPU.ActiveCfg = Debug|Any CPU
		{7C95DF64-C378-4EA7-A609-8FDA5273B7E0}.Debug|Any CPU.Build.0 = Debug|Any CPU
		{7C95DF64-C378-4EA7-A609-8FDA5273B7E0}.Release|Any CPU.ActiveCfg = Release|Any CPU
		{7C95DF64-C378-4EA7-A609-8FDA5273B7E0}.Release|Any CPU.Build.0 = Release|Any CPU
		{7EE52A0D-D552-4D02-885A-B3A4AFF7B8F5}.Debug|Any CPU.ActiveCfg = Debug|Any CPU
		{7EE52A0D-D552-4D02-885A-B3A4AFF7B8F5}.Debug|Any CPU.Build.0 = Debug|Any CPU
		{7EE52A0D-D552-4D02-885A-B3A4AFF7B8F5}.Release|Any CPU.ActiveCfg = Release|Any CPU
		{7EE52A0D-D552-4D02-885A-B3A4AFF7B8F5}.Release|Any CPU.Build.0 = Release|Any CPU
		{21DE68FB-DE74-4B86-A8D8-4EA5DF9E9685}.Debug|Any CPU.ActiveCfg = Debug|Any CPU
		{21DE68FB-DE74-4B86-A8D8-4EA5DF9E9685}.Debug|Any CPU.Build.0 = Debug|Any CPU
		{21DE68FB-DE74-4B86-A8D8-4EA5DF9E9685}.Release|Any CPU.ActiveCfg = Release|Any CPU
		{21DE68FB-DE74-4B86-A8D8-4EA5DF9E9685}.Release|Any CPU.Build.0 = Release|Any CPU
	EndGlobalSection
	GlobalSection(SolutionProperties) = preSolution
		HideSolutionNode = FALSE
	EndGlobalSection
	GlobalSection(ExtensibilityGlobals) = postSolution
		SolutionGuid = {03126A90-A115-4C6D-AF61-D0C1FA13BAD2}
	EndGlobalSection
EndGlobal
